
Microsoft Visual Studio Solution File, Format Version 12.00
# Visual Studio Version 17
VisualStudioVersion = 17.10.35122.118
MinimumVisualStudioVersion = 10.0.40219.1
Project("{FAE04EC0-301F-11D3-BF4B-00C04F79EFBC}") = "02_TaskManager", "02_TaskManager\02_TaskManager.csproj", "{E67FA450-0368-4125-96A3-02CFD719440A}"
EndProject
Project("{FAE04EC0-301F-11D3-BF4B-00C04F79EFBC}") = "03_01_TestThreads", "03_01_TestThreads\03_01_TestThreads.csproj", "{05B33AB8-61CC-46DB-8CFE-1178578A62BB}"
EndProject
Project("{FAE04EC0-301F-11D3-BF4B-00C04F79EFBC}") = "03_02_TestThreadsWithUA", "03_02_TestThreadsWithUA\03_02_TestThreadsWithUA.csproj", "{18C6A1B2-5C2F-40B1-A866-7B2E4DA3379F}"
EndProject
Project("{FAE04EC0-301F-11D3-BF4B-00C04F79EFBC}") = "01_Processes", "01_Processes\01_Processes.csproj", "{FCC05E96-8519-42A7-90DA-A80CA615838B}"
EndProject
Project("{FAE04EC0-301F-11D3-BF4B-00C04F79EFBC}") = "03_03_Thread_without_params", "03_03_Thread_without_params\03_03_Thread_without_params.csproj", "{F325FFD8-1906-40F3-90C8-579342B394F2}"
EndProject
Project("{FAE04EC0-301F-11D3-BF4B-00C04F79EFBC}") = "03_04_Thread_with_params", "03_04_Thread_with_params\03_04_Thread_with_params.csproj", "{3E52D955-F1C7-48D6-88D9-18176C55ED4F}"
EndProject
Project("{FAE04EC0-301F-11D3-BF4B-00C04F79EFBC}") = "03_05_Thread_in_background", "03_05_Thread_in_background\03_05_Thread_in_background.csproj", "{37AD162D-C22C-4524-928B-71CBDF712887}"
EndProject
Project("{FAE04EC0-301F-11D3-BF4B-00C04F79EFBC}") = "03_06_Thread_pause", "03_06_Thread_pause\03_06_Thread_pause.csproj", "{5462CD9B-8961-404C-8756-4FC6F1707B70}"
EndProject
Project("{FAE04EC0-301F-11D3-BF4B-00C04F79EFBC}") = "03_07_Thread_force_quit", "03_07_Thread_force_quit\03_07_Thread_force_quit.csproj", "{E41E5935-CF5B-4038-A2FC-553B04A9EC5D}"
EndProject
Project("{FAE04EC0-301F-11D3-BF4B-00C04F79EFBC}") = "03_08_Thread_priority", "03_08_Thread_priority\03_08_Thread_priority.csproj", "{BFDEB42F-C32D-4217-A898-BC351D053B72}"
EndProject
Project("{FAE04EC0-301F-11D3-BF4B-00C04F79EFBC}") = "03_09_Thread_join", "03_09_Thread_join\03_09_Thread_join.csproj", "{CCA4D5CA-3956-481C-8BB1-D6AADC46F8AB}"
EndProject
Project("{FAE04EC0-301F-11D3-BF4B-00C04F79EFBC}") = "04__01_sync_broblem", "04__01_sync_broblem\04__01_sync_broblem.csproj", "{D690AAA8-497B-4323-914D-AE6A4A523130}"
EndProject
Project("{FAE04EC0-301F-11D3-BF4B-00C04F79EFBC}") = "04__02_interlocker", "04__02_interlocker\04__02_interlocker.csproj", "{88471E7D-5DE8-4728-8DBF-59759E34AB86}"
EndProject
Project("{FAE04EC0-301F-11D3-BF4B-00C04F79EFBC}") = "04__03_monitor", "04__03_monitor\04__03_monitor.csproj", "{EC3FD9D4-7992-48AE-9511-433555A8F13A}"
EndProject
Project("{FAE04EC0-301F-11D3-BF4B-00C04F79EFBC}") = "04__04_lock", "04__04_lock\04__04_lock.csproj", "{6C192BF2-692E-4D78-AAF7-DAF9E37F67E9}"
EndProject
Project("{FAE04EC0-301F-11D3-BF4B-00C04F79EFBC}") = "04__05_lock_static", "04__05_lock_static\04__05_lock_static.csproj", "{C1F45077-1DF8-4B14-BFCD-2782DED87446}"
EndProject
Project("{FAE04EC0-301F-11D3-BF4B-00C04F79EFBC}") = "04_06_Practice", "04_06_Practice\04_06_Practice.csproj", "{69821805-C9DF-4BF5-9E5A-EFA59A759767}"
EndProject
Project("{FAE04EC0-301F-11D3-BF4B-00C04F79EFBC}") = "05_01_Task", "05_01_Task\05_01_Task.csproj", "{710F7636-A4C2-4C6D-B6F5-96341FF413C3}"
EndProject
Project("{FAE04EC0-301F-11D3-BF4B-00C04F79EFBC}") = "05_02_Inner_Taks", "05_02_Inner_Taks\05_02_Inner_Taks.csproj", "{9588DD9E-B8A2-44B8-8042-937FB6A2D1A9}"
EndProject
Project("{FAE04EC0-301F-11D3-BF4B-00C04F79EFBC}") = "05_03_Task_Array", "05_03_Task_Array\05_03_Task_Array.csproj", "{C28FB197-8F9E-4245-814D-9D8862D9C872}"
EndProject
Project("{FAE04EC0-301F-11D3-BF4B-00C04F79EFBC}") = "05_04_Continuous_Tasks", "05_04_Continuous_Tasks\05_04_Continuous_Tasks.csproj", "{2ED5C862-60A5-4707-8504-66C774211075}"
EndProject
Project("{FAE04EC0-301F-11D3-BF4B-00C04F79EFBC}") = "05_04_Task_Result", "05_04_Task_Result\05_04_Task_Result.csproj", "{28CC6FBA-7D7C-4B21-8BCC-05EAE8F14B97}"
EndProject
Global
	GlobalSection(SolutionConfigurationPlatforms) = preSolution
		Debug|Any CPU = Debug|Any CPU
		Release|Any CPU = Release|Any CPU
	EndGlobalSection
	GlobalSection(ProjectConfigurationPlatforms) = postSolution
		{E67FA450-0368-4125-96A3-02CFD719440A}.Debug|Any CPU.ActiveCfg = Debug|Any CPU
		{E67FA450-0368-4125-96A3-02CFD719440A}.Debug|Any CPU.Build.0 = Debug|Any CPU
		{E67FA450-0368-4125-96A3-02CFD719440A}.Release|Any CPU.ActiveCfg = Release|Any CPU
		{E67FA450-0368-4125-96A3-02CFD719440A}.Release|Any CPU.Build.0 = Release|Any CPU
		{05B33AB8-61CC-46DB-8CFE-1178578A62BB}.Debug|Any CPU.ActiveCfg = Debug|Any CPU
		{05B33AB8-61CC-46DB-8CFE-1178578A62BB}.Debug|Any CPU.Build.0 = Debug|Any CPU
		{05B33AB8-61CC-46DB-8CFE-1178578A62BB}.Release|Any CPU.ActiveCfg = Release|Any CPU
		{05B33AB8-61CC-46DB-8CFE-1178578A62BB}.Release|Any CPU.Build.0 = Release|Any CPU
		{18C6A1B2-5C2F-40B1-A866-7B2E4DA3379F}.Debug|Any CPU.ActiveCfg = Debug|Any CPU
		{18C6A1B2-5C2F-40B1-A866-7B2E4DA3379F}.Debug|Any CPU.Build.0 = Debug|Any CPU
		{18C6A1B2-5C2F-40B1-A866-7B2E4DA3379F}.Release|Any CPU.ActiveCfg = Release|Any CPU
		{18C6A1B2-5C2F-40B1-A866-7B2E4DA3379F}.Release|Any CPU.Build.0 = Release|Any CPU
		{FCC05E96-8519-42A7-90DA-A80CA615838B}.Debug|Any CPU.ActiveCfg = Debug|Any CPU
		{FCC05E96-8519-42A7-90DA-A80CA615838B}.Debug|Any CPU.Build.0 = Debug|Any CPU
		{FCC05E96-8519-42A7-90DA-A80CA615838B}.Release|Any CPU.ActiveCfg = Release|Any CPU
		{FCC05E96-8519-42A7-90DA-A80CA615838B}.Release|Any CPU.Build.0 = Release|Any CPU
		{F325FFD8-1906-40F3-90C8-579342B394F2}.Debug|Any CPU.ActiveCfg = Debug|Any CPU
		{F325FFD8-1906-40F3-90C8-579342B394F2}.Debug|Any CPU.Build.0 = Debug|Any CPU
		{F325FFD8-1906-40F3-90C8-579342B394F2}.Release|Any CPU.ActiveCfg = Release|Any CPU
		{F325FFD8-1906-40F3-90C8-579342B394F2}.Release|Any CPU.Build.0 = Release|Any CPU
		{3E52D955-F1C7-48D6-88D9-18176C55ED4F}.Debug|Any CPU.ActiveCfg = Debug|Any CPU
		{3E52D955-F1C7-48D6-88D9-18176C55ED4F}.Debug|Any CPU.Build.0 = Debug|Any CPU
		{3E52D955-F1C7-48D6-88D9-18176C55ED4F}.Release|Any CPU.ActiveCfg = Release|Any CPU
		{3E52D955-F1C7-48D6-88D9-18176C55ED4F}.Release|Any CPU.Build.0 = Release|Any CPU
		{37AD162D-C22C-4524-928B-71CBDF712887}.Debug|Any CPU.ActiveCfg = Debug|Any CPU
		{37AD162D-C22C-4524-928B-71CBDF712887}.Debug|Any CPU.Build.0 = Debug|Any CPU
		{37AD162D-C22C-4524-928B-71CBDF712887}.Release|Any CPU.ActiveCfg = Release|Any CPU
		{37AD162D-C22C-4524-928B-71CBDF712887}.Release|Any CPU.Build.0 = Release|Any CPU
		{5462CD9B-8961-404C-8756-4FC6F1707B70}.Debug|Any CPU.ActiveCfg = Debug|Any CPU
		{5462CD9B-8961-404C-8756-4FC6F1707B70}.Debug|Any CPU.Build.0 = Debug|Any CPU
		{5462CD9B-8961-404C-8756-4FC6F1707B70}.Release|Any CPU.ActiveCfg = Release|Any CPU
		{5462CD9B-8961-404C-8756-4FC6F1707B70}.Release|Any CPU.Build.0 = Release|Any CPU
		{E41E5935-CF5B-4038-A2FC-553B04A9EC5D}.Debug|Any CPU.ActiveCfg = Debug|Any CPU
		{E41E5935-CF5B-4038-A2FC-553B04A9EC5D}.Debug|Any CPU.Build.0 = Debug|Any CPU
		{E41E5935-CF5B-4038-A2FC-553B04A9EC5D}.Release|Any CPU.ActiveCfg = Release|Any CPU
		{E41E5935-CF5B-4038-A2FC-553B04A9EC5D}.Release|Any CPU.Build.0 = Release|Any CPU
		{BFDEB42F-C32D-4217-A898-BC351D053B72}.Debug|Any CPU.ActiveCfg = Debug|Any CPU
		{BFDEB42F-C32D-4217-A898-BC351D053B72}.Debug|Any CPU.Build.0 = Debug|Any CPU
		{BFDEB42F-C32D-4217-A898-BC351D053B72}.Release|Any CPU.ActiveCfg = Release|Any CPU
		{BFDEB42F-C32D-4217-A898-BC351D053B72}.Release|Any CPU.Build.0 = Release|Any CPU
		{CCA4D5CA-3956-481C-8BB1-D6AADC46F8AB}.Debug|Any CPU.ActiveCfg = Debug|Any CPU
		{CCA4D5CA-3956-481C-8BB1-D6AADC46F8AB}.Debug|Any CPU.Build.0 = Debug|Any CPU
		{CCA4D5CA-3956-481C-8BB1-D6AADC46F8AB}.Release|Any CPU.ActiveCfg = Release|Any CPU
		{CCA4D5CA-3956-481C-8BB1-D6AADC46F8AB}.Release|Any CPU.Build.0 = Release|Any CPU
		{D690AAA8-497B-4323-914D-AE6A4A523130}.Debug|Any CPU.ActiveCfg = Debug|Any CPU
		{D690AAA8-497B-4323-914D-AE6A4A523130}.Debug|Any CPU.Build.0 = Debug|Any CPU
		{D690AAA8-497B-4323-914D-AE6A4A523130}.Release|Any CPU.ActiveCfg = Release|Any CPU
		{D690AAA8-497B-4323-914D-AE6A4A523130}.Release|Any CPU.Build.0 = Release|Any CPU
		{88471E7D-5DE8-4728-8DBF-59759E34AB86}.Debug|Any CPU.ActiveCfg = Debug|Any CPU
		{88471E7D-5DE8-4728-8DBF-59759E34AB86}.Debug|Any CPU.Build.0 = Debug|Any CPU
		{88471E7D-5DE8-4728-8DBF-59759E34AB86}.Release|Any CPU.ActiveCfg = Release|Any CPU
		{88471E7D-5DE8-4728-8DBF-59759E34AB86}.Release|Any CPU.Build.0 = Release|Any CPU
		{EC3FD9D4-7992-48AE-9511-433555A8F13A}.Debug|Any CPU.ActiveCfg = Debug|Any CPU
		{EC3FD9D4-7992-48AE-9511-433555A8F13A}.Debug|Any CPU.Build.0 = Debug|Any CPU
		{EC3FD9D4-7992-48AE-9511-433555A8F13A}.Release|Any CPU.ActiveCfg = Release|Any CPU
		{EC3FD9D4-7992-48AE-9511-433555A8F13A}.Release|Any CPU.Build.0 = Release|Any CPU
		{6C192BF2-692E-4D78-AAF7-DAF9E37F67E9}.Debug|Any CPU.ActiveCfg = Debug|Any CPU
		{6C192BF2-692E-4D78-AAF7-DAF9E37F67E9}.Debug|Any CPU.Build.0 = Debug|Any CPU
		{6C192BF2-692E-4D78-AAF7-DAF9E37F67E9}.Release|Any CPU.ActiveCfg = Release|Any CPU
		{6C192BF2-692E-4D78-AAF7-DAF9E37F67E9}.Release|Any CPU.Build.0 = Release|Any CPU
		{C1F45077-1DF8-4B14-BFCD-2782DED87446}.Debug|Any CPU.ActiveCfg = Debug|Any CPU
		{C1F45077-1DF8-4B14-BFCD-2782DED87446}.Debug|Any CPU.Build.0 = Debug|Any CPU
		{C1F45077-1DF8-4B14-BFCD-2782DED87446}.Release|Any CPU.ActiveCfg = Release|Any CPU
		{C1F45077-1DF8-4B14-BFCD-2782DED87446}.Release|Any CPU.Build.0 = Release|Any CPU
		{69821805-C9DF-4BF5-9E5A-EFA59A759767}.Debug|Any CPU.ActiveCfg = Debug|Any CPU
		{69821805-C9DF-4BF5-9E5A-EFA59A759767}.Debug|Any CPU.Build.0 = Debug|Any CPU
		{69821805-C9DF-4BF5-9E5A-EFA59A759767}.Release|Any CPU.ActiveCfg = Release|Any CPU
		{69821805-C9DF-4BF5-9E5A-EFA59A759767}.Release|Any CPU.Build.0 = Release|Any CPU
		{710F7636-A4C2-4C6D-B6F5-96341FF413C3}.Debug|Any CPU.ActiveCfg = Debug|Any CPU
		{710F7636-A4C2-4C6D-B6F5-96341FF413C3}.Debug|Any CPU.Build.0 = Debug|Any CPU
		{710F7636-A4C2-4C6D-B6F5-96341FF413C3}.Release|Any CPU.ActiveCfg = Release|Any CPU
		{710F7636-A4C2-4C6D-B6F5-96341FF413C3}.Release|Any CPU.Build.0 = Release|Any CPU
		{9588DD9E-B8A2-44B8-8042-937FB6A2D1A9}.Debug|Any CPU.ActiveCfg = Debug|Any CPU
		{9588DD9E-B8A2-44B8-8042-937FB6A2D1A9}.Debug|Any CPU.Build.0 = Debug|Any CPU
		{9588DD9E-B8A2-44B8-8042-937FB6A2D1A9}.Release|Any CPU.ActiveCfg = Release|Any CPU
		{9588DD9E-B8A2-44B8-8042-937FB6A2D1A9}.Release|Any CPU.Build.0 = Release|Any CPU
		{C28FB197-8F9E-4245-814D-9D8862D9C872}.Debug|Any CPU.ActiveCfg = Debug|Any CPU
		{C28FB197-8F9E-4245-814D-9D8862D9C872}.Debug|Any CPU.Build.0 = Debug|Any CPU
		{C28FB197-8F9E-4245-814D-9D8862D9C872}.Release|Any CPU.ActiveCfg = Release|Any CPU
		{C28FB197-8F9E-4245-814D-9D8862D9C872}.Release|Any CPU.Build.0 = Release|Any CPU
		{2ED5C862-60A5-4707-8504-66C774211075}.Debug|Any CPU.ActiveCfg = Debug|Any CPU
		{2ED5C862-60A5-4707-8504-66C774211075}.Debug|Any CPU.Build.0 = Debug|Any CPU
		{2ED5C862-60A5-4707-8504-66C774211075}.Release|Any CPU.ActiveCfg = Release|Any CPU
		{2ED5C862-60A5-4707-8504-66C774211075}.Release|Any CPU.Build.0 = Release|Any CPU
		{28CC6FBA-7D7C-4B21-8BCC-05EAE8F14B97}.Debug|Any CPU.ActiveCfg = Debug|Any CPU
		{28CC6FBA-7D7C-4B21-8BCC-05EAE8F14B97}.Debug|Any CPU.Build.0 = Debug|Any CPU
		{28CC6FBA-7D7C-4B21-8BCC-05EAE8F14B97}.Release|Any CPU.ActiveCfg = Release|Any CPU
		{28CC6FBA-7D7C-4B21-8BCC-05EAE8F14B97}.Release|Any CPU.Build.0 = Release|Any CPU
	EndGlobalSection
	GlobalSection(SolutionProperties) = preSolution
		HideSolutionNode = FALSE
	EndGlobalSection
	GlobalSection(ExtensibilityGlobals) = postSolution
		SolutionGuid = {4B326812-8E99-4135-B5EE-B6944C2D7F06}
	EndGlobalSection
EndGlobal
